
Microsoft Visual Studio Solution File, Format Version 12.00
# Visual Studio 2012
Project("{FAE04EC0-301F-11D3-BF4B-00C04F79EFBC}") = "UnitTestPrivateMembers", "UnitTestPrivateMembers\UnitTestPrivateMembers.csproj", "{6B8DE7EC-28B0-49E4-B41E-02633FC5916C}"
EndProject
Project("{FAE04EC0-301F-11D3-BF4B-00C04F79EFBC}") = "UnitTestPrivateMembers.Tests", "UnitTestPrivateMembers.Tests\UnitTestPrivateMembers.Tests.csproj", "{5365979B-4A01-49C1-85E3-CC24258751C2}"
EndProject
Global
	GlobalSection(SolutionConfigurationPlatforms) = preSolution
		Debug|Any CPU = Debug|Any CPU
		Release|Any CPU = Release|Any CPU
	EndGlobalSection
	GlobalSection(ProjectConfigurationPlatforms) = postSolution
		{5365979B-4A01-49C1-85E3-CC24258751C2}.Debug|Any CPU.ActiveCfg = Debug|Any CPU
		{5365979B-4A01-49C1-85E3-CC24258751C2}.Debug|Any CPU.Build.0 = Debug|Any CPU
		{5365979B-4A01-49C1-85E3-CC24258751C2}.Release|Any CPU.ActiveCfg = Release|Any CPU
		{5365979B-4A01-49C1-85E3-CC24258751C2}.Release|Any CPU.Build.0 = Release|Any CPU
		{6B8DE7EC-28B0-49E4-B41E-02633FC5916C}.Debug|Any CPU.ActiveCfg = Debug|Any CPU
		{6B8DE7EC-28B0-49E4-B41E-02633FC5916C}.Debug|Any CPU.Build.0 = Debug|Any CPU
		{6B8DE7EC-28B0-49E4-B41E-02633FC5916C}.Release|Any CPU.ActiveCfg = Release|Any CPU
		{6B8DE7EC-28B0-49E4-B41E-02633FC5916C}.Release|Any CPU.Build.0 = Release|Any CPU
	EndGlobalSection
	GlobalSection(SolutionProperties) = preSolution
		HideSolutionNode = FALSE
	EndGlobalSection
EndGlobal
